
Microsoft Visual Studio Solution File, Format Version 12.00
# Visual Studio Version 16
VisualStudioVersion = 16.0.30011.22
MinimumVisualStudioVersion = 10.0.40219.1
Project("{FAE04EC0-301F-11D3-BF4B-00C04F79EFBC}") = "BubbleSortSimulation", "BubbleSortSimulation\BubbleSortSimulation.csproj", "{568627B8-6440-4AA9-8167-C83DD0C7DBCF}"
EndProject
Global
	GlobalSection(SolutionConfigurationPlatforms) = preSolution
		Debug|Any CPU = Debug|Any CPU
		Release|Any CPU = Release|Any CPU
	EndGlobalSection
	GlobalSection(ProjectConfigurationPlatforms) = postSolution
		{568627B8-6440-4AA9-8167-C83DD0C7DBCF}.Debug|Any CPU.ActiveCfg = Debug|Any CPU
		{568627B8-6440-4AA9-8167-C83DD0C7DBCF}.Debug|Any CPU.Build.0 = Debug|Any CPU
		{568627B8-6440-4AA9-8167-C83DD0C7DBCF}.Release|Any CPU.ActiveCfg = Release|Any CPU
		{568627B8-6440-4AA9-8167-C83DD0C7DBCF}.Release|Any CPU.Build.0 = Release|Any CPU
	EndGlobalSection
	GlobalSection(SolutionProperties) = preSolution
		HideSolutionNode = FALSE
	EndGlobalSection
	GlobalSection(ExtensibilityGlobals) = postSolution
		SolutionGuid = {FA2EFF01-0A9C-4CB1-A4DC-61BC67CB7533}
	EndGlobalSection
EndGlobal
